
Microsoft Visual Studio Solution File, Format Version 12.00
# Visual Studio Version 17
VisualStudioVersion = 17.7.34221.43
MinimumVisualStudioVersion = 10.0.40219.1
Project("{8BC9CEB8-8B4A-11D0-8D11-00A0C91BC942}") = "Flappy_raylib2", "Flappy_raylib2.vcxproj", "{AA5EDDC1-DD29-4E1A-98C9-989EC1E8631C}"
EndProject
Global
	GlobalSection(SolutionConfigurationPlatforms) = preSolution
		Debug|x64 = Debug|x64
		Debug|x86 = Debug|x86
		Release|x64 = Release|x64
		Release|x86 = Release|x86
	EndGlobalSection
	GlobalSection(ProjectConfigurationPlatforms) = postSolution
		{AA5EDDC1-DD29-4E1A-98C9-989EC1E8631C}.Debug|x64.ActiveCfg = Debug|x64
		{AA5EDDC1-DD29-4E1A-98C9-989EC1E8631C}.Debug|x64.Build.0 = Debug|x64
		{AA5EDDC1-DD29-4E1A-98C9-989EC1E8631C}.Debug|x86.ActiveCfg = Debug|Win32
		{AA5EDDC1-DD29-4E1A-98C9-989EC1E8631C}.Debug|x86.Build.0 = Debug|Win32
		{AA5EDDC1-DD29-4E1A-98C9-989EC1E8631C}.Release|x64.ActiveCfg = Release|x64
		{AA5EDDC1-DD29-4E1A-98C9-989EC1E8631C}.Release|x64.Build.0 = Release|x64
		{AA5EDDC1-DD29-4E1A-98C9-989EC1E8631C}.Release|x86.ActiveCfg = Release|Win32
		{AA5EDDC1-DD29-4E1A-98C9-989EC1E8631C}.Release|x86.Build.0 = Release|Win32
	EndGlobalSection
	GlobalSection(SolutionProperties) = preSolution
		HideSolutionNode = FALSE
	EndGlobalSection
	GlobalSection(ExtensibilityGlobals) = postSolution
		SolutionGuid = {80EA89FF-6D95-480B-B1C7-4AA227D85850}
	EndGlobalSection
EndGlobal
